
Microsoft Visual Studio Solution File, Format Version 12.00
# Visual Studio Version 17
VisualStudioVersion = 17.4.33103.184
MinimumVisualStudioVersion = 10.0.40219.1
Project("{FAE04EC0-301F-11D3-BF4B-00C04F79EFBC}") = "Event_Extesion_Methods", "Event_Extesion_Methods.csproj", "{95DEF9BA-1802-474B-89C6-68CBEB45AA6E}"
EndProject
Global
	GlobalSection(SolutionConfigurationPlatforms) = preSolution
		Debug|Any CPU = Debug|Any CPU
		Release|Any CPU = Release|Any CPU
	EndGlobalSection
	GlobalSection(ProjectConfigurationPlatforms) = postSolution
		{95DEF9BA-1802-474B-89C6-68CBEB45AA6E}.Debug|Any CPU.ActiveCfg = Debug|Any CPU
		{95DEF9BA-1802-474B-89C6-68CBEB45AA6E}.Debug|Any CPU.Build.0 = Debug|Any CPU
		{95DEF9BA-1802-474B-89C6-68CBEB45AA6E}.Release|Any CPU.ActiveCfg = Release|Any CPU
		{95DEF9BA-1802-474B-89C6-68CBEB45AA6E}.Release|Any CPU.Build.0 = Release|Any CPU
	EndGlobalSection
	GlobalSection(SolutionProperties) = preSolution
		HideSolutionNode = FALSE
	EndGlobalSection
	GlobalSection(ExtensibilityGlobals) = postSolution
		SolutionGuid = {0CBA7DB0-9F9F-4494-91A5-3760355E4465}
	EndGlobalSection
EndGlobal
